
Microsoft Visual Studio Solution File, Format Version 12.00
# Visual Studio Version 16
VisualStudioVersion = 16.0.29905.134
MinimumVisualStudioVersion = 10.0.40219.1
Project("{9A19103F-16F7-4668-BE54-9A1E7A4F7556}") = "OnlineWalletApi", "OnlineWalletApi\OnlineWalletApi.csproj", "{7C002C07-0C8F-4867-8078-85BEB483FA7D}"
EndProject
Project("{9A19103F-16F7-4668-BE54-9A1E7A4F7556}") = "Onlinewallet.Core", "Onlinewallet.Core\Onlinewallet.Core.csproj", "{AF46E033-4860-4FEE-B6E6-0595D5170290}"
EndProject
Project("{9A19103F-16F7-4668-BE54-9A1E7A4F7556}") = "OnlineWallet.Infrastructure", "OnlineWallet.Infrastructure\OnlineWallet.Infrastructure.csproj", "{FB21E015-9667-4590-992B-EF47AD276522}"
EndProject
Project("{FAE04EC0-301F-11D3-BF4B-00C04F79EFBC}") = "OnlineWallet.Tests", "OnlineWallet.Tests\OnlineWallet.Tests.csproj", "{074A35CA-E17D-4F23-A0B6-097B574CC9BE}"
EndProject
Global
	GlobalSection(SolutionConfigurationPlatforms) = preSolution
		Debug|Any CPU = Debug|Any CPU
		Release|Any CPU = Release|Any CPU
	EndGlobalSection
	GlobalSection(ProjectConfigurationPlatforms) = postSolution
		{7C002C07-0C8F-4867-8078-85BEB483FA7D}.Debug|Any CPU.ActiveCfg = Debug|Any CPU
		{7C002C07-0C8F-4867-8078-85BEB483FA7D}.Debug|Any CPU.Build.0 = Debug|Any CPU
		{7C002C07-0C8F-4867-8078-85BEB483FA7D}.Release|Any CPU.ActiveCfg = Release|Any CPU
		{7C002C07-0C8F-4867-8078-85BEB483FA7D}.Release|Any CPU.Build.0 = Release|Any CPU
		{AF46E033-4860-4FEE-B6E6-0595D5170290}.Debug|Any CPU.ActiveCfg = Debug|Any CPU
		{AF46E033-4860-4FEE-B6E6-0595D5170290}.Debug|Any CPU.Build.0 = Debug|Any CPU
		{AF46E033-4860-4FEE-B6E6-0595D5170290}.Release|Any CPU.ActiveCfg = Release|Any CPU
		{AF46E033-4860-4FEE-B6E6-0595D5170290}.Release|Any CPU.Build.0 = Release|Any CPU
		{FB21E015-9667-4590-992B-EF47AD276522}.Debug|Any CPU.ActiveCfg = Debug|Any CPU
		{FB21E015-9667-4590-992B-EF47AD276522}.Debug|Any CPU.Build.0 = Debug|Any CPU
		{FB21E015-9667-4590-992B-EF47AD276522}.Release|Any CPU.ActiveCfg = Release|Any CPU
		{FB21E015-9667-4590-992B-EF47AD276522}.Release|Any CPU.Build.0 = Release|Any CPU
		{074A35CA-E17D-4F23-A0B6-097B574CC9BE}.Debug|Any CPU.ActiveCfg = Debug|Any CPU
		{074A35CA-E17D-4F23-A0B6-097B574CC9BE}.Debug|Any CPU.Build.0 = Debug|Any CPU
		{074A35CA-E17D-4F23-A0B6-097B574CC9BE}.Release|Any CPU.ActiveCfg = Release|Any CPU
		{074A35CA-E17D-4F23-A0B6-097B574CC9BE}.Release|Any CPU.Build.0 = Release|Any CPU
	EndGlobalSection
	GlobalSection(SolutionProperties) = preSolution
		HideSolutionNode = FALSE
	EndGlobalSection
	GlobalSection(ExtensibilityGlobals) = postSolution
		SolutionGuid = {80ECA06F-CB65-4804-8F83-F05EB883A77C}
	EndGlobalSection
EndGlobal
